// !$*UTF8*$!
{
	archiveVersion = 1;
	classes = {
	};
	objectVersion = 46;
	objects = {

/* Begin PBXBuildFile section */
		14B9F4A11AC30AC3003329F4 /* Plugin.m in Sources */ = {isa = PBXBuildFile; fileRef = 14B9F4A01AC30AC3003329F4 /* Plugin.m */; };
		341473020F96D743004C5361 /* Ice.xcbuildrules in Resources */ = {isa = PBXBuildFile; fileRef = 341473010F96D743004C5361 /* Ice.xcbuildrules */; };
		3436B5BF0F9D800100A5700C /* Ice.xcspec in Resources */ = {isa = PBXBuildFile; fileRef = 3436B5BE0F9D800100A5700C /* Ice.xcspec */; };
		346CB84B0F8E350100D87FAB /* Ice.pbfilespec in Resources */ = {isa = PBXBuildFile; fileRef = 346CB8490F8E350100D87FAB /* Ice.pbfilespec */; };
		348748670F8E30A000758FC2 /* DevToolsCore.framework in Frameworks */ = {isa = PBXBuildFile; fileRef = 348748660F8E30A000758FC2 /* DevToolsCore.framework */; };
		348A61B30F96CCAE00A0A1AB /* SliceCompilerSpecification.m in Sources */ = {isa = PBXBuildFile; fileRef = 348A61B20F96CCAE00A0A1AB /* SliceCompilerSpecification.m */; };
		348E60510FA1754700857AA2 /* Ice.xclangspec in Resources */ = {isa = PBXBuildFile; fileRef = 348E60500FA1754700857AA2 /* Ice.xclangspec */; };
		8290A74019CB177400E5FD0A /* com.apple.xcode.tools.slice.compiler.strings in Resources */ = {isa = PBXBuildFile; fileRef = 8290A73E19CB177400E5FD0A /* com.apple.xcode.tools.slice.compiler.strings */; };
		8D5B49B4048680CD000E48DA /* Cocoa.framework in Frameworks */ = {isa = PBXBuildFile; fileRef = 1058C7ADFEA557BF11CA2CBB /* Cocoa.framework */; };
/* End PBXBuildFile section */

/* Begin PBXFileReference section */
		089C1672FE841209C02AAC07 /* Foundation.framework */ = {isa = PBXFileReference; lastKnownFileType = wrapper.framework; name = Foundation.framework; path = /System/Library/Frameworks/Foundation.framework; sourceTree = "<absolute>"; };
		089C167FFE841241C02AAC07 /* AppKit.framework */ = {isa = PBXFileReference; lastKnownFileType = wrapper.framework; name = AppKit.framework; path = /System/Library/Frameworks/AppKit.framework; sourceTree = "<absolute>"; };
		1058C7ADFEA557BF11CA2CBB /* Cocoa.framework */ = {isa = PBXFileReference; lastKnownFileType = wrapper.framework; name = Cocoa.framework; path = /System/Library/Frameworks/Cocoa.framework; sourceTree = "<absolute>"; };
		142769631AC166C1005BC1AF /* Info.plist */ = {isa = PBXFileReference; fileEncoding = 4; lastKnownFileType = text.plist.xml; path = Info.plist; sourceTree = "<group>"; };
		14B9F4A01AC30AC3003329F4 /* Plugin.m */ = {isa = PBXFileReference; fileEncoding = 4; lastKnownFileType = sourcecode.c.objc; name = Plugin.m; path = Classes/Plugin.m; sourceTree = "<group>"; };
		341473010F96D743004C5361 /* Ice.xcbuildrules */ = {isa = PBXFileReference; fileEncoding = 4; lastKnownFileType = text; path = Ice.xcbuildrules; sourceTree = "<group>"; };
		3436B5BE0F9D800100A5700C /* Ice.xcspec */ = {isa = PBXFileReference; fileEncoding = 4; lastKnownFileType = text.plist.xcspec; path = Ice.xcspec; sourceTree = "<group>"; };
		346CB8490F8E350100D87FAB /* Ice.pbfilespec */ = {isa = PBXFileReference; fileEncoding = 4; lastKnownFileType = text.plist.pbfilespec; path = Ice.pbfilespec; sourceTree = "<group>"; };
		348748660F8E30A000758FC2 /* DevToolsCore.framework */ = {isa = PBXFileReference; lastKnownFileType = wrapper.framework; name = DevToolsCore.framework; path = Library/PrivateFrameworks/DevToolsCore.framework; sourceTree = DEVELOPER_DIR; };
		3487487F0F8E316300758FC2 /* XCPBuildSystem.h */ = {isa = PBXFileReference; fileEncoding = 4; lastKnownFileType = sourcecode.c.h; path = XCPBuildSystem.h; sourceTree = "<group>"; };
		348748810F8E316300758FC2 /* XCPDependencyGraph.h */ = {isa = PBXFileReference; fileEncoding = 4; lastKnownFileType = sourcecode.c.h; path = XCPDependencyGraph.h; sourceTree = "<group>"; };
		348748820F8E316300758FC2 /* XCPOutputParsing.h */ = {isa = PBXFileReference; fileEncoding = 4; lastKnownFileType = sourcecode.c.h; path = XCPOutputParsing.h; sourceTree = "<group>"; };
		348748830F8E316300758FC2 /* XCPSourceParsing.h */ = {isa = PBXFileReference; fileEncoding = 4; lastKnownFileType = sourcecode.c.h; path = XCPSourceParsing.h; sourceTree = "<group>"; };
		348748840F8E316300758FC2 /* XCPSpecifications.h */ = {isa = PBXFileReference; fileEncoding = 4; lastKnownFileType = sourcecode.c.h; path = XCPSpecifications.h; sourceTree = "<group>"; };
		348748850F8E316300758FC2 /* XCPSupport.h */ = {isa = PBXFileReference; fileEncoding = 4; lastKnownFileType = sourcecode.c.h; path = XCPSupport.h; sourceTree = "<group>"; };
		348A61B10F96CCAE00A0A1AB /* SliceCompilerSpecification.h */ = {isa = PBXFileReference; fileEncoding = 4; lastKnownFileType = sourcecode.c.h; name = SliceCompilerSpecification.h; path = Classes/SliceCompilerSpecification.h; sourceTree = "<group>"; };
		348A61B20F96CCAE00A0A1AB /* SliceCompilerSpecification.m */ = {isa = PBXFileReference; fileEncoding = 4; lastKnownFileType = sourcecode.c.objc; name = SliceCompilerSpecification.m; path = Classes/SliceCompilerSpecification.m; sourceTree = "<group>"; };
		348E60500FA1754700857AA2 /* Ice.xclangspec */ = {isa = PBXFileReference; fileEncoding = 4; lastKnownFileType = text.plist.xclangspec; path = Ice.xclangspec; sourceTree = "<group>"; };
		8290A73F19CB177400E5FD0A /* English */ = {isa = PBXFileReference; lastKnownFileType = text.plist.strings; name = English; path = com.apple.xcode.tools.slice.compiler.strings; sourceTree = "<group>"; };
		8D5B49B6048680CD000E48DA /* IceTouchPlugin.xcplugin */ = {isa = PBXFileReference; explicitFileType = wrapper.cfbundle; includeInIndex = 0; path = IceTouchPlugin.xcplugin; sourceTree = BUILT_PRODUCTS_DIR; };
		D2F7E65807B2D6F200F64583 /* CoreData.framework */ = {isa = PBXFileReference; lastKnownFileType = wrapper.framework; name = CoreData.framework; path = /System/Library/Frameworks/CoreData.framework; sourceTree = "<absolute>"; };
/* End PBXFileReference section */

/* Begin PBXFrameworksBuildPhase section */
		8D5B49B3048680CD000E48DA /* Frameworks */ = {
			isa = PBXFrameworksBuildPhase;
			buildActionMask = 2147483647;
			files = (
				8D5B49B4048680CD000E48DA /* Cocoa.framework in Frameworks */,
				348748670F8E30A000758FC2 /* DevToolsCore.framework in Frameworks */,
			);
			runOnlyForDeploymentPostprocessing = 0;
		};
/* End PBXFrameworksBuildPhase section */

/* Begin PBXGroup section */
		089C166AFE841209C02AAC07 /* slice2objcplugin */ = {
			isa = PBXGroup;
			children = (
				346CB8480F8E350100D87FAB /* Resources */,
				3487487E0F8E316300758FC2 /* Headers */,
				08FB77AFFE84173DC02AAC07 /* Classes */,
				089C1671FE841209C02AAC07 /* Frameworks and Libraries */,
				19C28FB8FE9D52D311CA2CBB /* Products */,
				142769631AC166C1005BC1AF /* Info.plist */,
			);
			name = slice2objcplugin;
			sourceTree = "<group>";
		};
		089C1671FE841209C02AAC07 /* Frameworks and Libraries */ = {
			isa = PBXGroup;
			children = (
				1058C7ACFEA557BF11CA2CBB /* Linked Frameworks */,
				1058C7AEFEA557BF11CA2CBB /* Other Frameworks */,
			);
			name = "Frameworks and Libraries";
			sourceTree = "<group>";
		};
		08FB77AFFE84173DC02AAC07 /* Classes */ = {
			isa = PBXGroup;
			children = (
				14B9F4A01AC30AC3003329F4 /* Plugin.m */,
				348A61B10F96CCAE00A0A1AB /* SliceCompilerSpecification.h */,
				348A61B20F96CCAE00A0A1AB /* SliceCompilerSpecification.m */,
			);
			name = Classes;
			sourceTree = "<group>";
		};
		1058C7ACFEA557BF11CA2CBB /* Linked Frameworks */ = {
			isa = PBXGroup;
			children = (
				348748660F8E30A000758FC2 /* DevToolsCore.framework */,
				1058C7ADFEA557BF11CA2CBB /* Cocoa.framework */,
			);
			name = "Linked Frameworks";
			sourceTree = "<group>";
		};
		1058C7AEFEA557BF11CA2CBB /* Other Frameworks */ = {
			isa = PBXGroup;
			children = (
				089C167FFE841241C02AAC07 /* AppKit.framework */,
				D2F7E65807B2D6F200F64583 /* CoreData.framework */,
				089C1672FE841209C02AAC07 /* Foundation.framework */,
			);
			name = "Other Frameworks";
			sourceTree = "<group>";
		};
		19C28FB8FE9D52D311CA2CBB /* Products */ = {
			isa = PBXGroup;
			children = (
				8D5B49B6048680CD000E48DA /* IceTouchPlugin.xcplugin */,
			);
			name = Products;
			sourceTree = "<group>";
		};
		346CB8480F8E350100D87FAB /* Resources */ = {
			isa = PBXGroup;
			children = (
				3478319F0FA03EFA0071358D /* English.lproj */,
				348E60500FA1754700857AA2 /* Ice.xclangspec */,
				3436B5BE0F9D800100A5700C /* Ice.xcspec */,
				341473010F96D743004C5361 /* Ice.xcbuildrules */,
				346CB8490F8E350100D87FAB /* Ice.pbfilespec */,
			);
			path = Resources;
			sourceTree = "<group>";
		};
		3478319F0FA03EFA0071358D /* English.lproj */ = {
			isa = PBXGroup;
			children = (
				8290A73E19CB177400E5FD0A /* com.apple.xcode.tools.slice.compiler.strings */,
			);
			path = English.lproj;
			sourceTree = "<group>";
		};
		3487487E0F8E316300758FC2 /* Headers */ = {
			isa = PBXGroup;
			children = (
				3487487F0F8E316300758FC2 /* XCPBuildSystem.h */,
				348748810F8E316300758FC2 /* XCPDependencyGraph.h */,
				348748820F8E316300758FC2 /* XCPOutputParsing.h */,
				348748830F8E316300758FC2 /* XCPSourceParsing.h */,
				348748840F8E316300758FC2 /* XCPSpecifications.h */,
				348748850F8E316300758FC2 /* XCPSupport.h */,
			);
			path = Headers;
			sourceTree = "<group>";
		};
/* End PBXGroup section */

/* Begin PBXNativeTarget section */
		8D5B49AC048680CD000E48DA /* IceTouchPlugin */ = {
			isa = PBXNativeTarget;
			buildConfigurationList = 1DEB913A08733D840010E9CD /* Build configuration list for PBXNativeTarget "IceTouchPlugin" */;
			buildPhases = (
				8D5B49AF048680CD000E48DA /* Resources */,
				8D5B49B1048680CD000E48DA /* Sources */,
				8D5B49B3048680CD000E48DA /* Frameworks */,
			);
			buildRules = (
			);
			dependencies = (
			);
			name = IceTouchPlugin;
			productInstallPath = "$(HOME)/Library/Bundles";
			productName = slice2objcplugin;
			productReference = 8D5B49B6048680CD000E48DA /* IceTouchPlugin.xcplugin */;
			productType = "com.apple.product-type.bundle";
		};
/* End PBXNativeTarget section */

/* Begin PBXProject section */
		089C1669FE841209C02AAC07 /* Project object */ = {
			isa = PBXProject;
			attributes = {
				LastUpgradeCheck = 0620;
			};
			buildConfigurationList = 1DEB913E08733D840010E9CD /* Build configuration list for PBXProject "IceTouchPlugin" */;
			compatibilityVersion = "Xcode 3.2";
			developmentRegion = English;
			hasScannedForEncodings = 1;
			knownRegions = (
				en,
				English,
			);
			mainGroup = 089C166AFE841209C02AAC07 /* slice2objcplugin */;
			projectDirPath = "";
			projectRoot = "";
			targets = (
				8D5B49AC048680CD000E48DA /* IceTouchPlugin */,
			);
		};
/* End PBXProject section */

/* Begin PBXResourcesBuildPhase section */
		8D5B49AF048680CD000E48DA /* Resources */ = {
			isa = PBXResourcesBuildPhase;
			buildActionMask = 2147483647;
			files = (
				8290A74019CB177400E5FD0A /* com.apple.xcode.tools.slice.compiler.strings in Resources */,
				346CB84B0F8E350100D87FAB /* Ice.pbfilespec in Resources */,
				341473020F96D743004C5361 /* Ice.xcbuildrules in Resources */,
				3436B5BF0F9D800100A5700C /* Ice.xcspec in Resources */,
				348E60510FA1754700857AA2 /* Ice.xclangspec in Resources */,
			);
			runOnlyForDeploymentPostprocessing = 0;
		};
/* End PBXResourcesBuildPhase section */

/* Begin PBXSourcesBuildPhase section */
		8D5B49B1048680CD000E48DA /* Sources */ = {
			isa = PBXSourcesBuildPhase;
			buildActionMask = 2147483647;
			files = (
				14B9F4A11AC30AC3003329F4 /* Plugin.m in Sources */,
				348A61B30F96CCAE00A0A1AB /* SliceCompilerSpecification.m in Sources */,
			);
			runOnlyForDeploymentPostprocessing = 0;
		};
/* End PBXSourcesBuildPhase section */

/* Begin PBXVariantGroup section */
		8290A73E19CB177400E5FD0A /* com.apple.xcode.tools.slice.compiler.strings */ = {
			isa = PBXVariantGroup;
			children = (
				8290A73F19CB177400E5FD0A /* English */,
			);
			name = com.apple.xcode.tools.slice.compiler.strings;
			sourceTree = "<group>";
		};
/* End PBXVariantGroup section */

/* Begin XCBuildConfiguration section */
		1DEB913B08733D840010E9CD /* Debug */ = {
			isa = XCBuildConfiguration;
			buildSettings = {
				ADDITIONAL_SDKS = "";
				ALWAYS_SEARCH_USER_PATHS = NO;
				CLANG_ENABLE_OBJC_ARC = YES;
				COMBINE_HIDPI_IMAGES = YES;
				COPY_PHASE_STRIP = NO;
				DEPLOYMENT_LOCATION = YES;
				DSTROOT = "$(HOME)";
				EXECUTABLE_EXTENSION = "";
				EXECUTABLE_SUFFIX = "";
				FRAMEWORK_SEARCH_PATHS = "$(DEVELOPER_DIR)/../PlugIns/Xcode3Core.ideplugin/Contents/Frameworks";
				GCC_DYNAMIC_NO_PIC = NO;
				GCC_ENABLE_FIX_AND_CONTINUE = YES;
				GCC_ENABLE_OBJC_GC = unsupported;
				GCC_MODEL_TUNING = G5;
				GCC_OPTIMIZATION_LEVEL = 0;
				GCC_PREPROCESSOR_DEFINITIONS = "";
				HEADER_SEARCH_PATHS = (
					Headers,
					Classes,
				);
				INFOPLIST_FILE = Info.plist;
				INSTALL_PATH = "/Library/Application Support/Developer/Shared/Xcode/Plug-ins";
				LD_RUNPATH_SEARCH_PATHS = "$(XCODE_SDK_PATH)";
				MACOSX_DEPLOYMENT_TARGET = 10.7;
				PRODUCT_NAME = IceTouchPlugin;
				SDKROOT = macosx;
				WRAPPER_EXTENSION = xcplugin;
			};
			name = Debug;
		};
		1DEB913C08733D840010E9CD /* Release */ = {
			isa = XCBuildConfiguration;
			buildSettings = {
				ADDITIONAL_SDKS = "";
				ALWAYS_SEARCH_USER_PATHS = NO;
				CLANG_ENABLE_OBJC_ARC = YES;
				COMBINE_HIDPI_IMAGES = YES;
				DEBUG_INFORMATION_FORMAT = "dwarf-with-dsym";
				DEPLOYMENT_LOCATION = YES;
				DSTROOT = "$(HOME)";
				EXECUTABLE_EXTENSION = "";
				EXECUTABLE_SUFFIX = "";
				FRAMEWORK_SEARCH_PATHS = "$(DEVELOPER_DIR)/../PlugIns/Xcode3Core.ideplugin/Contents/Frameworks";
				GCC_ENABLE_OBJC_GC = unsupported;
				GCC_MODEL_TUNING = G5;
				GCC_PREPROCESSOR_DEFINITIONS = "";
				HEADER_SEARCH_PATHS = (
					Headers,
					Classes,
				);
				INFOPLIST_FILE = Info.plist;
				INSTALL_PATH = "/Library/Application Support/Developer/Shared/Xcode/Plug-ins";
				LD_RUNPATH_SEARCH_PATHS = "$(XCODE_SDK_PATH)";
				MACOSX_DEPLOYMENT_TARGET = 10.7;
				PRODUCT_NAME = IceTouchPlugin;
				SDKROOT = macosx;
				WRAPPER_EXTENSION = xcplugin;
			};
			name = Release;
		};
		1DEB913F08733D840010E9CD /* Debug */ = {
			isa = XCBuildConfiguration;
			buildSettings = {
				GCC_C_LANGUAGE_STANDARD = c99;
				GCC_OPTIMIZATION_LEVEL = 0;
				GCC_WARN_ABOUT_RETURN_TYPE = YES;
				GCC_WARN_UNUSED_VARIABLE = YES;
				ONLY_ACTIVE_ARCH = YES;
				PREBINDING = NO;
				SDKROOT = macosx;
			};
			name = Debug;
		};
		1DEB914008733D840010E9CD /* Release */ = {
			isa = XCBuildConfiguration;
			buildSettings = {
				GCC_C_LANGUAGE_STANDARD = c99;
				GCC_WARN_ABOUT_RETURN_TYPE = YES;
				GCC_WARN_UNUSED_VARIABLE = YES;
				ONLY_ACTIVE_ARCH = NO;
				PREBINDING = NO;
				SDKROOT = macosx;
				VALID_ARCHS = "i386 x86_64";
			};
			name = Release;
		};
/* End XCBuildConfiguration section */

/* Begin XCConfigurationList section */
		1DEB913A08733D840010E9CD /* Build configuration list for PBXNativeTarget "IceTouchPlugin" */ = {
			isa = XCConfigurationList;
			buildConfigurations = (
				1DEB913B08733D840010E9CD /* Debug */,
				1DEB913C08733D840010E9CD /* Release */,
			);
			defaultConfigurationIsVisible = 0;
			defaultConfigurationName = Release;
		};
		1DEB913E08733D840010E9CD /* Build configuration list for PBXProject "IceTouchPlugin" */ = {
			isa = XCConfigurationList;
			buildConfigurations = (
				1DEB913F08733D840010E9CD /* Debug */,
				1DEB914008733D840010E9CD /* Release */,
			);
			defaultConfigurationIsVisible = 0;
			defaultConfigurationName = Release;
		};
/* End XCConfigurationList section */
	};
	rootObject = 089C1669FE841209C02AAC07 /* Project object */;
}
