// !$*UTF8*$!
{
	archiveVersion = 1;
	classes = {
	};
	objectVersion = 46;
	objects = {

/* Begin PBXBuildFile section */
		14318C031AC2A87800E53118 /* slice.ice in Sources */ = {isa = PBXBuildFile; fileRef = 14318C011AC2A87800E53118 /* slice.ice */; };
		14318C041AC2A87800E53118 /* slice2.ice in Sources */ = {isa = PBXBuildFile; fileRef = 14318C021AC2A87800E53118 /* slice2.ice */; };
		14318C0F1AC2B27200E53118 /* test3.m in Sources */ = {isa = PBXBuildFile; fileRef = 14318C0E1AC2B27200E53118 /* test3.m */; };
		14318C161AC2B2EF00E53118 /* slice.ice in Sources */ = {isa = PBXBuildFile; fileRef = 14318C141AC2B2EF00E53118 /* slice.ice */; };
		14318C171AC2B2EF00E53118 /* slice2.ice in Sources */ = {isa = PBXBuildFile; fileRef = 14318C151AC2B2EF00E53118 /* slice2.ice */; };
		149D6FCE1AC1D942008A8B56 /* test1.m in Sources */ = {isa = PBXBuildFile; fileRef = 149D6FCD1AC1D942008A8B56 /* test1.m */; };
		149D6FDD1AC1DB90008A8B56 /* test2.mm in Sources */ = {isa = PBXBuildFile; fileRef = 149D6FDC1AC1DB90008A8B56 /* test2.mm */; };
		149D6FE61AC1E3D0008A8B56 /* Security.framework in Frameworks */ = {isa = PBXBuildFile; fileRef = 149D6FE51AC1E3D0008A8B56 /* Security.framework */; };
		14AD82191AC2BEEC00CFBDF9 /* test4.mm in Sources */ = {isa = PBXBuildFile; fileRef = 14AD82181AC2BEEC00CFBDF9 /* test4.mm */; };
		14AD82201AC2BF3400CFBDF9 /* slice.ice in Sources */ = {isa = PBXBuildFile; fileRef = 14AD821E1AC2BF3400CFBDF9 /* slice.ice */; };
		14AD82211AC2BF3400CFBDF9 /* slice2.ice in Sources */ = {isa = PBXBuildFile; fileRef = 14AD821F1AC2BF3400CFBDF9 /* slice2.ice */; };
		D834434B1AE039070018AF18 /* slice1.ice in Sources */ = {isa = PBXBuildFile; fileRef = D834434A1AE039070018AF18 /* slice1.ice */; };
		D83443521AE03D570018AF18 /* libtestLib.dylib in Frameworks */ = {isa = PBXBuildFile; fileRef = D83443331AE0387E0018AF18 /* libtestLib.dylib */; };
/* End PBXBuildFile section */

/* Begin PBXFileReference section */
		14318C011AC2A87800E53118 /* slice.ice */ = {isa = PBXFileReference; fileEncoding = 4; lastKnownFileType = sourcecode.slice; name = slice.ice; path = slice/slice.ice; sourceTree = "<group>"; };
		14318C021AC2A87800E53118 /* slice2.ice */ = {isa = PBXFileReference; fileEncoding = 4; lastKnownFileType = sourcecode.slice; name = slice2.ice; path = slice/slice2.ice; sourceTree = "<group>"; };
		14318C0A1AC2B27200E53118 /* test3.xctest */ = {isa = PBXFileReference; explicitFileType = wrapper.cfbundle; includeInIndex = 0; path = test3.xctest; sourceTree = BUILT_PRODUCTS_DIR; };
		14318C0D1AC2B27200E53118 /* Info.plist */ = {isa = PBXFileReference; lastKnownFileType = text.plist.xml; path = Info.plist; sourceTree = "<group>"; };
		14318C0E1AC2B27200E53118 /* test3.m */ = {isa = PBXFileReference; lastKnownFileType = sourcecode.c.objc; path = test3.m; sourceTree = "<group>"; };
		14318C141AC2B2EF00E53118 /* slice.ice */ = {isa = PBXFileReference; fileEncoding = 4; lastKnownFileType = sourcecode.slice; path = slice.ice; sourceTree = "<group>"; };
		14318C151AC2B2EF00E53118 /* slice2.ice */ = {isa = PBXFileReference; fileEncoding = 4; lastKnownFileType = sourcecode.slice; path = slice2.ice; sourceTree = "<group>"; };
		149D6FC81AC1D942008A8B56 /* test1.xctest */ = {isa = PBXFileReference; explicitFileType = wrapper.cfbundle; includeInIndex = 0; path = test1.xctest; sourceTree = BUILT_PRODUCTS_DIR; };
		149D6FCC1AC1D942008A8B56 /* Info.plist */ = {isa = PBXFileReference; lastKnownFileType = text.plist.xml; path = Info.plist; sourceTree = "<group>"; };
		149D6FCD1AC1D942008A8B56 /* test1.m */ = {isa = PBXFileReference; lastKnownFileType = sourcecode.c.objc; path = test1.m; sourceTree = "<group>"; };
		149D6FD81AC1DB90008A8B56 /* test2.xctest */ = {isa = PBXFileReference; explicitFileType = wrapper.cfbundle; includeInIndex = 0; path = test2.xctest; sourceTree = BUILT_PRODUCTS_DIR; };
		149D6FDB1AC1DB90008A8B56 /* Info.plist */ = {isa = PBXFileReference; lastKnownFileType = text.plist.xml; path = Info.plist; sourceTree = "<group>"; };
		149D6FDC1AC1DB90008A8B56 /* test2.mm */ = {isa = PBXFileReference; lastKnownFileType = sourcecode.cpp.objcpp; path = test2.mm; sourceTree = "<group>"; };
		149D6FE51AC1E3D0008A8B56 /* Security.framework */ = {isa = PBXFileReference; lastKnownFileType = wrapper.framework; name = Security.framework; path = ../../../../../../../../System/Library/Frameworks/Security.framework; sourceTree = "<group>"; };
		14AD82141AC2BEEC00CFBDF9 /* test4.xctest */ = {isa = PBXFileReference; explicitFileType = wrapper.cfbundle; includeInIndex = 0; path = test4.xctest; sourceTree = BUILT_PRODUCTS_DIR; };
		14AD82171AC2BEEC00CFBDF9 /* Info.plist */ = {isa = PBXFileReference; lastKnownFileType = text.plist.xml; path = Info.plist; sourceTree = "<group>"; };
		14AD82181AC2BEEC00CFBDF9 /* test4.mm */ = {isa = PBXFileReference; lastKnownFileType = sourcecode.cpp.objcpp; path = test4.mm; sourceTree = "<group>"; };
		14AD821E1AC2BF3400CFBDF9 /* slice.ice */ = {isa = PBXFileReference; fileEncoding = 4; lastKnownFileType = sourcecode.slice; path = slice.ice; sourceTree = "<group>"; };
		14AD821F1AC2BF3400CFBDF9 /* slice2.ice */ = {isa = PBXFileReference; fileEncoding = 4; lastKnownFileType = sourcecode.slice; path = slice2.ice; sourceTree = "<group>"; };
		D83443331AE0387E0018AF18 /* libtestLib.dylib */ = {isa = PBXFileReference; explicitFileType = "compiled.mach-o.dylib"; includeInIndex = 0; path = libtestLib.dylib; sourceTree = BUILT_PRODUCTS_DIR; };
		D834434A1AE039070018AF18 /* slice1.ice */ = {isa = PBXFileReference; fileEncoding = 4; lastKnownFileType = sourcecode.slice; path = slice1.ice; sourceTree = "<group>"; };
		D83443511AE03CCC0018AF18 /* generated */ = {isa = PBXFileReference; lastKnownFileType = folder; path = generated; sourceTree = "<group>"; };
/* End PBXFileReference section */

/* Begin PBXFrameworksBuildPhase section */
		14318C071AC2B27200E53118 /* Frameworks */ = {
			isa = PBXFrameworksBuildPhase;
			buildActionMask = 2147483647;
			files = (
			);
			runOnlyForDeploymentPostprocessing = 0;
		};
		149D6FC51AC1D942008A8B56 /* Frameworks */ = {
			isa = PBXFrameworksBuildPhase;
			buildActionMask = 2147483647;
			files = (
				D83443521AE03D570018AF18 /* libtestLib.dylib in Frameworks */,
			);
			runOnlyForDeploymentPostprocessing = 0;
		};
		149D6FD51AC1DB90008A8B56 /* Frameworks */ = {
			isa = PBXFrameworksBuildPhase;
			buildActionMask = 2147483647;
			files = (
				149D6FE61AC1E3D0008A8B56 /* Security.framework in Frameworks */,
			);
			runOnlyForDeploymentPostprocessing = 0;
		};
		14AD82111AC2BEEC00CFBDF9 /* Frameworks */ = {
			isa = PBXFrameworksBuildPhase;
			buildActionMask = 2147483647;
			files = (
			);
			runOnlyForDeploymentPostprocessing = 0;
		};
		D83443301AE0387E0018AF18 /* Frameworks */ = {
			isa = PBXFrameworksBuildPhase;
			buildActionMask = 2147483647;
			files = (
			);
			runOnlyForDeploymentPostprocessing = 0;
		};
/* End PBXFrameworksBuildPhase section */

/* Begin PBXGroup section */
		14318C051AC2A8C400E53118 /* slice */ = {
			isa = PBXGroup;
			children = (
				14318C011AC2A87800E53118 /* slice.ice */,
				14318C021AC2A87800E53118 /* slice2.ice */,
			);
			name = slice;
			sourceTree = "<group>";
		};
		14318C0B1AC2B27200E53118 /* test3 */ = {
			isa = PBXGroup;
			children = (
				14318C131AC2B2EF00E53118 /* slice */,
				14318C0E1AC2B27200E53118 /* test3.m */,
				14318C0C1AC2B27200E53118 /* Supporting Files */,
			);
			path = test3;
			sourceTree = "<group>";
		};
		14318C0C1AC2B27200E53118 /* Supporting Files */ = {
			isa = PBXGroup;
			children = (
				14318C0D1AC2B27200E53118 /* Info.plist */,
			);
			name = "Supporting Files";
			sourceTree = "<group>";
		};
		14318C131AC2B2EF00E53118 /* slice */ = {
			isa = PBXGroup;
			children = (
				14318C141AC2B2EF00E53118 /* slice.ice */,
				14318C151AC2B2EF00E53118 /* slice2.ice */,
			);
			path = slice;
			sourceTree = "<group>";
		};
		149D6FBD1AC1D8EC008A8B56 = {
			isa = PBXGroup;
			children = (
				149D6FCA1AC1D942008A8B56 /* test1 */,
				149D6FD91AC1DB90008A8B56 /* test2 */,
				14318C0B1AC2B27200E53118 /* test3 */,
				14AD82151AC2BEEC00CFBDF9 /* test4 */,
				D83443341AE0387E0018AF18 /* testLib */,
				149D6FC91AC1D942008A8B56 /* Products */,
			);
			sourceTree = "<group>";
		};
		149D6FC91AC1D942008A8B56 /* Products */ = {
			isa = PBXGroup;
			children = (
				149D6FC81AC1D942008A8B56 /* test1.xctest */,
				149D6FD81AC1DB90008A8B56 /* test2.xctest */,
				14318C0A1AC2B27200E53118 /* test3.xctest */,
				14AD82141AC2BEEC00CFBDF9 /* test4.xctest */,
				D83443331AE0387E0018AF18 /* libtestLib.dylib */,
			);
			name = Products;
			sourceTree = "<group>";
		};
		149D6FCA1AC1D942008A8B56 /* test1 */ = {
			isa = PBXGroup;
			children = (
				149D6FCD1AC1D942008A8B56 /* test1.m */,
				149D6FCB1AC1D942008A8B56 /* Supporting Files */,
			);
			path = test1;
			sourceTree = "<group>";
		};
		149D6FCB1AC1D942008A8B56 /* Supporting Files */ = {
			isa = PBXGroup;
			children = (
				149D6FCC1AC1D942008A8B56 /* Info.plist */,
			);
			name = "Supporting Files";
			sourceTree = "<group>";
		};
		149D6FD91AC1DB90008A8B56 /* test2 */ = {
			isa = PBXGroup;
			children = (
				14318C051AC2A8C400E53118 /* slice */,
				149D6FDC1AC1DB90008A8B56 /* test2.mm */,
				149D6FDA1AC1DB90008A8B56 /* Supporting Files */,
				149D6FE51AC1E3D0008A8B56 /* Security.framework */,
			);
			path = test2;
			sourceTree = "<group>";
		};
		149D6FDA1AC1DB90008A8B56 /* Supporting Files */ = {
			isa = PBXGroup;
			children = (
				149D6FDB1AC1DB90008A8B56 /* Info.plist */,
			);
			name = "Supporting Files";
			sourceTree = "<group>";
		};
		14AD82151AC2BEEC00CFBDF9 /* test4 */ = {
			isa = PBXGroup;
			children = (
				14AD821D1AC2BF3400CFBDF9 /* slice */,
				14AD82181AC2BEEC00CFBDF9 /* test4.mm */,
				14AD82161AC2BEEC00CFBDF9 /* Supporting Files */,
			);
			path = test4;
			sourceTree = "<group>";
		};
		14AD82161AC2BEEC00CFBDF9 /* Supporting Files */ = {
			isa = PBXGroup;
			children = (
				14AD82171AC2BEEC00CFBDF9 /* Info.plist */,
			);
			name = "Supporting Files";
			sourceTree = "<group>";
		};
		14AD821D1AC2BF3400CFBDF9 /* slice */ = {
			isa = PBXGroup;
			children = (
				14AD821E1AC2BF3400CFBDF9 /* slice.ice */,
				14AD821F1AC2BF3400CFBDF9 /* slice2.ice */,
			);
			path = slice;
			sourceTree = "<group>";
		};
		D83443341AE0387E0018AF18 /* testLib */ = {
			isa = PBXGroup;
			children = (
				D83443511AE03CCC0018AF18 /* generated */,
				D834434A1AE039070018AF18 /* slice1.ice */,
			);
			path = testLib;
			sourceTree = "<group>";
		};
/* End PBXGroup section */

/* Begin PBXHeadersBuildPhase section */
		D83443311AE0387E0018AF18 /* Headers */ = {
			isa = PBXHeadersBuildPhase;
			buildActionMask = 2147483647;
			files = (
			);
			runOnlyForDeploymentPostprocessing = 0;
		};
/* End PBXHeadersBuildPhase section */

/* Begin PBXNativeTarget section */
		14318C091AC2B27200E53118 /* test3 */ = {
			isa = PBXNativeTarget;
			buildConfigurationList = 14318C101AC2B27200E53118 /* Build configuration list for PBXNativeTarget "test3" */;
			buildPhases = (
				14318C061AC2B27200E53118 /* Sources */,
				14318C071AC2B27200E53118 /* Frameworks */,
				14318C081AC2B27200E53118 /* Resources */,
			);
			buildRules = (
			);
			dependencies = (
			);
			name = test3;
			productName = test3;
			productReference = 14318C0A1AC2B27200E53118 /* test3.xctest */;
			productType = "com.apple.product-type.bundle.unit-test";
		};
		149D6FC71AC1D942008A8B56 /* test1 */ = {
			isa = PBXNativeTarget;
			buildConfigurationList = 149D6FCF1AC1D942008A8B56 /* Build configuration list for PBXNativeTarget "test1" */;
			buildPhases = (
				149D6FC41AC1D942008A8B56 /* Sources */,
				149D6FC51AC1D942008A8B56 /* Frameworks */,
				149D6FC61AC1D942008A8B56 /* Resources */,
			);
			buildRules = (
			);
			dependencies = (
			);
			name = test1;
			productName = test1;
			productReference = 149D6FC81AC1D942008A8B56 /* test1.xctest */;
			productType = "com.apple.product-type.bundle.unit-test";
		};
		149D6FD71AC1DB90008A8B56 /* test2 */ = {
			isa = PBXNativeTarget;
			buildConfigurationList = 149D6FDE1AC1DB90008A8B56 /* Build configuration list for PBXNativeTarget "test2" */;
			buildPhases = (
				149D6FD41AC1DB90008A8B56 /* Sources */,
				149D6FD51AC1DB90008A8B56 /* Frameworks */,
				149D6FD61AC1DB90008A8B56 /* Resources */,
			);
			buildRules = (
			);
			dependencies = (
			);
			name = test2;
			productName = test2;
			productReference = 149D6FD81AC1DB90008A8B56 /* test2.xctest */;
			productType = "com.apple.product-type.bundle.unit-test";
		};
		14AD82131AC2BEEC00CFBDF9 /* test4 */ = {
			isa = PBXNativeTarget;
			buildConfigurationList = 14AD821A1AC2BEEC00CFBDF9 /* Build configuration list for PBXNativeTarget "test4" */;
			buildPhases = (
				14AD82101AC2BEEC00CFBDF9 /* Sources */,
				14AD82111AC2BEEC00CFBDF9 /* Frameworks */,
				14AD82121AC2BEEC00CFBDF9 /* Resources */,
			);
			buildRules = (
			);
			dependencies = (
			);
			name = test4;
			productName = test4;
			productReference = 14AD82141AC2BEEC00CFBDF9 /* test4.xctest */;
			productType = "com.apple.product-type.bundle.unit-test";
		};
		D83443321AE0387E0018AF18 /* testLib */ = {
			isa = PBXNativeTarget;
			buildConfigurationList = D83443441AE0387E0018AF18 /* Build configuration list for PBXNativeTarget "testLib" */;
			buildPhases = (
				D834432F1AE0387E0018AF18 /* Sources */,
				D83443301AE0387E0018AF18 /* Frameworks */,
				D83443311AE0387E0018AF18 /* Headers */,
			);
			buildRules = (
			);
			dependencies = (
			);
			name = testLib;
			productName = testLib;
			productReference = D83443331AE0387E0018AF18 /* libtestLib.dylib */;
			productType = "com.apple.product-type.library.dynamic";
		};
/* End PBXNativeTarget section */

/* Begin PBXProject section */
		149D6FBE1AC1D8EC008A8B56 /* Project object */ = {
			isa = PBXProject;
			attributes = {
				LastUpgradeCheck = 0630;
				TargetAttributes = {
					14318C091AC2B27200E53118 = {
						CreatedOnToolsVersion = 6.2;
					};
					149D6FC71AC1D942008A8B56 = {
						CreatedOnToolsVersion = 6.2;
					};
					149D6FD71AC1DB90008A8B56 = {
						CreatedOnToolsVersion = 6.2;
					};
					14AD82131AC2BEEC00CFBDF9 = {
						CreatedOnToolsVersion = 6.2;
					};
					D83443321AE0387E0018AF18 = {
						CreatedOnToolsVersion = 6.3;
					};
				};
			};
			buildConfigurationList = 149D6FC11AC1D8EC008A8B56 /* Build configuration list for PBXProject "tests" */;
			compatibilityVersion = "Xcode 3.2";
			developmentRegion = English;
			hasScannedForEncodings = 0;
			knownRegions = (
				en,
			);
			mainGroup = 149D6FBD1AC1D8EC008A8B56;
			productRefGroup = 149D6FC91AC1D942008A8B56 /* Products */;
			projectDirPath = "";
			projectRoot = "";
			targets = (
				149D6FC71AC1D942008A8B56 /* test1 */,
				149D6FD71AC1DB90008A8B56 /* test2 */,
				14318C091AC2B27200E53118 /* test3 */,
				14AD82131AC2BEEC00CFBDF9 /* test4 */,
				D83443321AE0387E0018AF18 /* testLib */,
			);
		};
/* End PBXProject section */

/* Begin PBXResourcesBuildPhase section */
		14318C081AC2B27200E53118 /* Resources */ = {
			isa = PBXResourcesBuildPhase;
			buildActionMask = 2147483647;
			files = (
			);
			runOnlyForDeploymentPostprocessing = 0;
		};
		149D6FC61AC1D942008A8B56 /* Resources */ = {
			isa = PBXResourcesBuildPhase;
			buildActionMask = 2147483647;
			files = (
			);
			runOnlyForDeploymentPostprocessing = 0;
		};
		149D6FD61AC1DB90008A8B56 /* Resources */ = {
			isa = PBXResourcesBuildPhase;
			buildActionMask = 2147483647;
			files = (
			);
			runOnlyForDeploymentPostprocessing = 0;
		};
		14AD82121AC2BEEC00CFBDF9 /* Resources */ = {
			isa = PBXResourcesBuildPhase;
			buildActionMask = 2147483647;
			files = (
			);
			runOnlyForDeploymentPostprocessing = 0;
		};
/* End PBXResourcesBuildPhase section */

/* Begin PBXSourcesBuildPhase section */
		14318C061AC2B27200E53118 /* Sources */ = {
			isa = PBXSourcesBuildPhase;
			buildActionMask = 2147483647;
			files = (
				14318C171AC2B2EF00E53118 /* slice2.ice in Sources */,
				14318C161AC2B2EF00E53118 /* slice.ice in Sources */,
				14318C0F1AC2B27200E53118 /* test3.m in Sources */,
			);
			runOnlyForDeploymentPostprocessing = 0;
		};
		149D6FC41AC1D942008A8B56 /* Sources */ = {
			isa = PBXSourcesBuildPhase;
			buildActionMask = 2147483647;
			files = (
				149D6FCE1AC1D942008A8B56 /* test1.m in Sources */,
			);
			runOnlyForDeploymentPostprocessing = 0;
		};
		149D6FD41AC1DB90008A8B56 /* Sources */ = {
			isa = PBXSourcesBuildPhase;
			buildActionMask = 2147483647;
			files = (
				14318C041AC2A87800E53118 /* slice2.ice in Sources */,
				14318C031AC2A87800E53118 /* slice.ice in Sources */,
				149D6FDD1AC1DB90008A8B56 /* test2.mm in Sources */,
			);
			runOnlyForDeploymentPostprocessing = 0;
		};
		14AD82101AC2BEEC00CFBDF9 /* Sources */ = {
			isa = PBXSourcesBuildPhase;
			buildActionMask = 2147483647;
			files = (
				14AD82211AC2BF3400CFBDF9 /* slice2.ice in Sources */,
				14AD82201AC2BF3400CFBDF9 /* slice.ice in Sources */,
				14AD82191AC2BEEC00CFBDF9 /* test4.mm in Sources */,
			);
			runOnlyForDeploymentPostprocessing = 0;
		};
		D834432F1AE0387E0018AF18 /* Sources */ = {
			isa = PBXSourcesBuildPhase;
			buildActionMask = 2147483647;
			files = (
				D834434B1AE039070018AF18 /* slice1.ice in Sources */,
			);
			runOnlyForDeploymentPostprocessing = 0;
		};
/* End PBXSourcesBuildPhase section */

/* Begin XCBuildConfiguration section */
		14318C111AC2B27200E53118 /* Debug */ = {
			isa = XCBuildConfiguration;
			buildSettings = {
				ALWAYS_SEARCH_USER_PATHS = NO;
				CLANG_CXX_LANGUAGE_STANDARD = "gnu++0x";
				CLANG_CXX_LIBRARY = "libc++";
				CLANG_ENABLE_MODULES = YES;
				CLANG_ENABLE_OBJC_ARC = YES;
				CLANG_WARN_BOOL_CONVERSION = YES;
				CLANG_WARN_CONSTANT_CONVERSION = YES;
				CLANG_WARN_DIRECT_OBJC_ISA_USAGE = YES_ERROR;
				CLANG_WARN_EMPTY_BODY = YES;
				CLANG_WARN_ENUM_CONVERSION = YES;
				CLANG_WARN_INT_CONVERSION = YES;
				CLANG_WARN_OBJC_ROOT_CLASS = YES_ERROR;
				CLANG_WARN_UNREACHABLE_CODE = YES;
				CLANG_WARN__DUPLICATE_METHOD_MATCH = YES;
				COMBINE_HIDPI_IMAGES = YES;
				COPY_PHASE_STRIP = NO;
				ENABLE_STRICT_OBJC_MSGSEND = YES;
				FRAMEWORK_SEARCH_PATHS = (
					"$(DEVELOPER_FRAMEWORKS_DIR)",
					"$(inherited)",
				);
				GCC_C_LANGUAGE_STANDARD = gnu99;
				GCC_DYNAMIC_NO_PIC = NO;
				GCC_OPTIMIZATION_LEVEL = 0;
				GCC_PREPROCESSOR_DEFINITIONS = (
					"DEBUG=1",
					"$(inherited)",
				);
				GCC_SYMBOLS_PRIVATE_EXTERN = NO;
				GCC_WARN_64_TO_32_BIT_CONVERSION = YES;
				GCC_WARN_ABOUT_RETURN_TYPE = YES_ERROR;
				GCC_WARN_UNDECLARED_SELECTOR = YES;
				GCC_WARN_UNINITIALIZED_AUTOS = YES_AGGRESSIVE;
				GCC_WARN_UNUSED_FUNCTION = YES;
				GCC_WARN_UNUSED_VARIABLE = YES;
				HEADER_SEARCH_PATHS = (
					"$(SLICE_ICE_HOME)/include",
					"$(inherited)",
				);
				INFOPLIST_FILE = test3/Info.plist;
				LD_RUNPATH_SEARCH_PATHS = "$(inherited) @executable_path/../Frameworks @loader_path/../Frameworks $(SLICE_ICE_HOME)/lib";
				LIBRARY_SEARCH_PATHS = "$(SLICE_ICE_HOME)/lib";
				MACOSX_DEPLOYMENT_TARGET = 10.10;
				MTL_ENABLE_DEBUG_INFO = YES;
				ONLY_ACTIVE_ARCH = YES;
				PRODUCT_NAME = "$(TARGET_NAME)";
				SDKROOT = macosx;
				SLICE_ICE_FLAG = YES;
				SLICE_ICE_HOME = "$(ICE_HOME)";
				SLICE_INCLUDE_DIR = slice;
				SLICE_INCLUDE_PATH = test3;
				SLICE_OUTPUT_DIR = "$(DERIVED_FILE_DIR)/slice";
				SLICE_STREAM_FLAG = NO;
			};
			name = Debug;
		};
		14318C121AC2B27200E53118 /* Release */ = {
			isa = XCBuildConfiguration;
			buildSettings = {
				ALWAYS_SEARCH_USER_PATHS = NO;
				CLANG_CXX_LANGUAGE_STANDARD = "gnu++0x";
				CLANG_CXX_LIBRARY = "libc++";
				CLANG_ENABLE_MODULES = YES;
				CLANG_ENABLE_OBJC_ARC = YES;
				CLANG_WARN_BOOL_CONVERSION = YES;
				CLANG_WARN_CONSTANT_CONVERSION = YES;
				CLANG_WARN_DIRECT_OBJC_ISA_USAGE = YES_ERROR;
				CLANG_WARN_EMPTY_BODY = YES;
				CLANG_WARN_ENUM_CONVERSION = YES;
				CLANG_WARN_INT_CONVERSION = YES;
				CLANG_WARN_OBJC_ROOT_CLASS = YES_ERROR;
				CLANG_WARN_UNREACHABLE_CODE = YES;
				CLANG_WARN__DUPLICATE_METHOD_MATCH = YES;
				COMBINE_HIDPI_IMAGES = YES;
				COPY_PHASE_STRIP = NO;
				DEBUG_INFORMATION_FORMAT = "dwarf-with-dsym";
				ENABLE_NS_ASSERTIONS = NO;
				ENABLE_STRICT_OBJC_MSGSEND = YES;
				FRAMEWORK_SEARCH_PATHS = (
					"$(DEVELOPER_FRAMEWORKS_DIR)",
					"$(inherited)",
				);
				GCC_C_LANGUAGE_STANDARD = gnu99;
				GCC_WARN_64_TO_32_BIT_CONVERSION = YES;
				GCC_WARN_ABOUT_RETURN_TYPE = YES_ERROR;
				GCC_WARN_UNDECLARED_SELECTOR = YES;
				GCC_WARN_UNINITIALIZED_AUTOS = YES_AGGRESSIVE;
				GCC_WARN_UNUSED_FUNCTION = YES;
				GCC_WARN_UNUSED_VARIABLE = YES;
				HEADER_SEARCH_PATHS = (
					"$(SLICE_ICE_HOME)/include",
					"$(inherited)",
				);
				INFOPLIST_FILE = test3/Info.plist;
				LD_RUNPATH_SEARCH_PATHS = "$(inherited) @executable_path/../Frameworks @loader_path/../Frameworks $(SLICE_ICE_HOME)/lib";
				LIBRARY_SEARCH_PATHS = "$(SLICE_ICE_HOME)/lib";
				MACOSX_DEPLOYMENT_TARGET = 10.10;
				MTL_ENABLE_DEBUG_INFO = NO;
				PRODUCT_NAME = "$(TARGET_NAME)";
				SDKROOT = macosx;
				SLICE_ICE_FLAG = YES;
				SLICE_ICE_HOME = "$(ICE_HOME)";
				SLICE_INCLUDE_DIR = slice;
				SLICE_INCLUDE_PATH = test3;
				SLICE_OUTPUT_DIR = "$(DERIVED_FILE_DIR)/slice";
				SLICE_STREAM_FLAG = NO;
			};
			name = Release;
		};
		149D6FC21AC1D8EC008A8B56 /* Debug */ = {
			isa = XCBuildConfiguration;
			buildSettings = {
				ICE_HOME = /usr/local;
				ICE_TOUCH_HOME = /usr/local/opt/icetouch;
				ONLY_ACTIVE_ARCH = YES;
			};
			name = Debug;
		};
		149D6FC31AC1D8EC008A8B56 /* Release */ = {
			isa = XCBuildConfiguration;
			buildSettings = {
				ICE_HOME = /usr/local;
				ICE_TOUCH_HOME = /usr/local/opt/icetouch;
			};
			name = Release;
		};
		149D6FD01AC1D942008A8B56 /* Debug */ = {
			isa = XCBuildConfiguration;
			buildSettings = {
				ADDITIONAL_SDKS = "$(ICE_TOUCH_HOME)/SDKs/ObjC/$(PLATFORM_NAME).sdk";
				ALWAYS_SEARCH_USER_PATHS = NO;
				CLANG_CXX_LANGUAGE_STANDARD = "gnu++0x";
				CLANG_CXX_LIBRARY = "libc++";
				CLANG_ENABLE_MODULES = YES;
				CLANG_ENABLE_OBJC_ARC = YES;
				CLANG_WARN_BOOL_CONVERSION = YES;
				CLANG_WARN_CONSTANT_CONVERSION = YES;
				CLANG_WARN_DIRECT_OBJC_ISA_USAGE = YES_ERROR;
				CLANG_WARN_EMPTY_BODY = YES;
				CLANG_WARN_ENUM_CONVERSION = YES;
				CLANG_WARN_INT_CONVERSION = YES;
				CLANG_WARN_OBJC_ROOT_CLASS = YES_ERROR;
				CLANG_WARN_UNREACHABLE_CODE = YES;
				CLANG_WARN__DUPLICATE_METHOD_MATCH = YES;
				COMBINE_HIDPI_IMAGES = YES;
				COPY_PHASE_STRIP = NO;
				ENABLE_STRICT_OBJC_MSGSEND = YES;
				GCC_C_LANGUAGE_STANDARD = gnu99;
				GCC_DYNAMIC_NO_PIC = NO;
				GCC_OPTIMIZATION_LEVEL = 0;
				GCC_PREPROCESSOR_DEFINITIONS = (
					"DEBUG=1",
					"$(inherited)",
				);
				GCC_SYMBOLS_PRIVATE_EXTERN = NO;
				GCC_WARN_64_TO_32_BIT_CONVERSION = YES;
				GCC_WARN_ABOUT_RETURN_TYPE = YES_ERROR;
				GCC_WARN_UNDECLARED_SELECTOR = YES;
				GCC_WARN_UNINITIALIZED_AUTOS = YES_AGGRESSIVE;
				GCC_WARN_UNUSED_FUNCTION = YES;
				GCC_WARN_UNUSED_VARIABLE = YES;
				HEADER_SEARCH_PATHS = (
					"$(inherited)",
					/Applications/Xcode.app/Contents/Developer/Toolchains/XcodeDefault.xctoolchain/usr/include,
					testLib/generated,
				);
				INFOPLIST_FILE = test1/Info.plist;
				LD_RUNPATH_SEARCH_PATHS = "$(inherited) @executable_path/../Frameworks @loader_path/../Frameworks";
				MACOSX_DEPLOYMENT_TARGET = 10.10;
				MTL_ENABLE_DEBUG_INFO = YES;
				ONLY_ACTIVE_ARCH = YES;
				PRODUCT_NAME = test1;
				SDKROOT = macosx;
			};
			name = Debug;
		};
		149D6FD11AC1D942008A8B56 /* Release */ = {
			isa = XCBuildConfiguration;
			buildSettings = {
				ADDITIONAL_SDKS = "$(ICE_TOUCH_HOME)/SDKs/ObjC/$(PLATFORM_NAME).sdk";
				ALWAYS_SEARCH_USER_PATHS = NO;
				CLANG_CXX_LANGUAGE_STANDARD = "gnu++0x";
				CLANG_CXX_LIBRARY = "libc++";
				CLANG_ENABLE_MODULES = YES;
				CLANG_ENABLE_OBJC_ARC = YES;
				CLANG_WARN_BOOL_CONVERSION = YES;
				CLANG_WARN_CONSTANT_CONVERSION = YES;
				CLANG_WARN_DIRECT_OBJC_ISA_USAGE = YES_ERROR;
				CLANG_WARN_EMPTY_BODY = YES;
				CLANG_WARN_ENUM_CONVERSION = YES;
				CLANG_WARN_INT_CONVERSION = YES;
				CLANG_WARN_OBJC_ROOT_CLASS = YES_ERROR;
				CLANG_WARN_UNREACHABLE_CODE = YES;
				CLANG_WARN__DUPLICATE_METHOD_MATCH = YES;
				COMBINE_HIDPI_IMAGES = YES;
				COPY_PHASE_STRIP = NO;
				DEBUG_INFORMATION_FORMAT = "dwarf-with-dsym";
				ENABLE_NS_ASSERTIONS = NO;
				ENABLE_STRICT_OBJC_MSGSEND = YES;
				GCC_C_LANGUAGE_STANDARD = gnu99;
				GCC_WARN_64_TO_32_BIT_CONVERSION = YES;
				GCC_WARN_ABOUT_RETURN_TYPE = YES_ERROR;
				GCC_WARN_UNDECLARED_SELECTOR = YES;
				GCC_WARN_UNINITIALIZED_AUTOS = YES_AGGRESSIVE;
				GCC_WARN_UNUSED_FUNCTION = YES;
				GCC_WARN_UNUSED_VARIABLE = YES;
				HEADER_SEARCH_PATHS = (
					"$(inherited)",
					/Applications/Xcode.app/Contents/Developer/Toolchains/XcodeDefault.xctoolchain/usr/include,
					testLib/generated,
				);
				INFOPLIST_FILE = test1/Info.plist;
				LD_RUNPATH_SEARCH_PATHS = "$(inherited) @executable_path/../Frameworks @loader_path/../Frameworks";
				MACOSX_DEPLOYMENT_TARGET = 10.10;
				MTL_ENABLE_DEBUG_INFO = NO;
				PRODUCT_NAME = test1;
				SDKROOT = macosx;
			};
			name = Release;
		};
		149D6FDF1AC1DB90008A8B56 /* Debug */ = {
			isa = XCBuildConfiguration;
			buildSettings = {
				ADDITIONAL_SDKS = "$(ICE_TOUCH_HOME)/SDKs/Cpp/$(PLATFORM_NAME).sdk";
				ALWAYS_SEARCH_USER_PATHS = NO;
				CLANG_ENABLE_MODULES = YES;
				CLANG_ENABLE_OBJC_ARC = YES;
				CLANG_WARN_BOOL_CONVERSION = YES;
				CLANG_WARN_CONSTANT_CONVERSION = YES;
				CLANG_WARN_DIRECT_OBJC_ISA_USAGE = YES_ERROR;
				CLANG_WARN_EMPTY_BODY = YES;
				CLANG_WARN_ENUM_CONVERSION = YES;
				CLANG_WARN_INT_CONVERSION = YES;
				CLANG_WARN_OBJC_ROOT_CLASS = YES_ERROR;
				CLANG_WARN_UNREACHABLE_CODE = YES;
				CLANG_WARN__DUPLICATE_METHOD_MATCH = YES;
				COMBINE_HIDPI_IMAGES = YES;
				COPY_PHASE_STRIP = NO;
				ENABLE_STRICT_OBJC_MSGSEND = YES;
				FRAMEWORK_SEARCH_PATHS = (
					"$(DEVELOPER_FRAMEWORKS_DIR)",
					"$(inherited)",
				);
				GCC_DYNAMIC_NO_PIC = NO;
				GCC_OPTIMIZATION_LEVEL = 0;
				GCC_PREPROCESSOR_DEFINITIONS = (
					"DEBUG=1",
					"$(inherited)",
				);
				GCC_SYMBOLS_PRIVATE_EXTERN = NO;
				GCC_WARN_64_TO_32_BIT_CONVERSION = YES;
				GCC_WARN_ABOUT_RETURN_TYPE = YES_ERROR;
				GCC_WARN_UNDECLARED_SELECTOR = YES;
				GCC_WARN_UNINITIALIZED_AUTOS = YES_AGGRESSIVE;
				GCC_WARN_UNUSED_FUNCTION = YES;
				GCC_WARN_UNUSED_VARIABLE = YES;
				INFOPLIST_FILE = test2/Info.plist;
				LD_RUNPATH_SEARCH_PATHS = "$(inherited) @executable_path/../Frameworks @loader_path/../Frameworks";
				MACOSX_DEPLOYMENT_TARGET = 10.10;
				MTL_ENABLE_DEBUG_INFO = YES;
				ONLY_ACTIVE_ARCH = YES;
				PRODUCT_NAME = "$(TARGET_NAME)";
				SDKROOT = macosx;
				SLICE_ADDITIONAL_OPTIONS = "--ice";
				SLICE_CHECKSUM_FLAG = YES;
				SLICE_DLL_EXPORT = TEST_API;
				SLICE_ICE_FLAG = NO;
				SLICE_INCLUDE_DIR = slice;
				SLICE_INCLUDE_PATH = test2;
				SLICE_OUTPUT_DIR = "$(DERIVED_FILE_DIR)/slice";
				SLICE_STREAM_FLAG = YES;
			};
			name = Debug;
		};
		149D6FE01AC1DB90008A8B56 /* Release */ = {
			isa = XCBuildConfiguration;
			buildSettings = {
				ADDITIONAL_SDKS = "$(ICE_TOUCH_HOME)/SDKs/Cpp/$(PLATFORM_NAME).sdk";
				ALWAYS_SEARCH_USER_PATHS = NO;
				CLANG_ENABLE_MODULES = YES;
				CLANG_ENABLE_OBJC_ARC = YES;
				CLANG_WARN_BOOL_CONVERSION = YES;
				CLANG_WARN_CONSTANT_CONVERSION = YES;
				CLANG_WARN_DIRECT_OBJC_ISA_USAGE = YES_ERROR;
				CLANG_WARN_EMPTY_BODY = YES;
				CLANG_WARN_ENUM_CONVERSION = YES;
				CLANG_WARN_INT_CONVERSION = YES;
				CLANG_WARN_OBJC_ROOT_CLASS = YES_ERROR;
				CLANG_WARN_UNREACHABLE_CODE = YES;
				CLANG_WARN__DUPLICATE_METHOD_MATCH = YES;
				COMBINE_HIDPI_IMAGES = YES;
				COPY_PHASE_STRIP = NO;
				DEBUG_INFORMATION_FORMAT = "dwarf-with-dsym";
				ENABLE_NS_ASSERTIONS = NO;
				ENABLE_STRICT_OBJC_MSGSEND = YES;
				FRAMEWORK_SEARCH_PATHS = (
					"$(DEVELOPER_FRAMEWORKS_DIR)",
					"$(inherited)",
				);
				GCC_WARN_64_TO_32_BIT_CONVERSION = YES;
				GCC_WARN_ABOUT_RETURN_TYPE = YES_ERROR;
				GCC_WARN_UNDECLARED_SELECTOR = YES;
				GCC_WARN_UNINITIALIZED_AUTOS = YES_AGGRESSIVE;
				GCC_WARN_UNUSED_FUNCTION = YES;
				GCC_WARN_UNUSED_VARIABLE = YES;
				INFOPLIST_FILE = test2/Info.plist;
				LD_RUNPATH_SEARCH_PATHS = "$(inherited) @executable_path/../Frameworks @loader_path/../Frameworks";
				MACOSX_DEPLOYMENT_TARGET = 10.10;
				MTL_ENABLE_DEBUG_INFO = NO;
				PRODUCT_NAME = "$(TARGET_NAME)";
				SDKROOT = macosx;
				SLICE_ADDITIONAL_OPTIONS = "--ice";
				SLICE_CHECKSUM_FLAG = YES;
				SLICE_DLL_EXPORT = TEST_API;
				SLICE_ICE_FLAG = NO;
				SLICE_INCLUDE_DIR = slice;
				SLICE_INCLUDE_PATH = test2;
				SLICE_OUTPUT_DIR = "$(DERIVED_FILE_DIR)/slice";
				SLICE_STREAM_FLAG = YES;
			};
			name = Release;
		};
		14AD821B1AC2BEEC00CFBDF9 /* Debug */ = {
			isa = XCBuildConfiguration;
			buildSettings = {
				ALWAYS_SEARCH_USER_PATHS = NO;
				CLANG_CXX_LANGUAGE_STANDARD = "gnu++0x";
				CLANG_CXX_LIBRARY = "libc++";
				CLANG_ENABLE_MODULES = YES;
				CLANG_ENABLE_OBJC_ARC = YES;
				CLANG_WARN_BOOL_CONVERSION = YES;
				CLANG_WARN_CONSTANT_CONVERSION = YES;
				CLANG_WARN_DIRECT_OBJC_ISA_USAGE = YES_ERROR;
				CLANG_WARN_EMPTY_BODY = YES;
				CLANG_WARN_ENUM_CONVERSION = YES;
				CLANG_WARN_INT_CONVERSION = YES;
				CLANG_WARN_OBJC_ROOT_CLASS = YES_ERROR;
				CLANG_WARN_UNREACHABLE_CODE = YES;
				CLANG_WARN__DUPLICATE_METHOD_MATCH = YES;
				COMBINE_HIDPI_IMAGES = YES;
				COPY_PHASE_STRIP = NO;
				ENABLE_STRICT_OBJC_MSGSEND = YES;
				FRAMEWORK_SEARCH_PATHS = (
					"$(DEVELOPER_FRAMEWORKS_DIR)",
					"$(inherited)",
				);
				GCC_C_LANGUAGE_STANDARD = gnu99;
				GCC_DYNAMIC_NO_PIC = NO;
				GCC_OPTIMIZATION_LEVEL = 0;
				GCC_PREPROCESSOR_DEFINITIONS = (
					"DEBUG=1",
					"$(inherited)",
				);
				GCC_SYMBOLS_PRIVATE_EXTERN = NO;
				GCC_WARN_64_TO_32_BIT_CONVERSION = YES;
				GCC_WARN_ABOUT_RETURN_TYPE = YES_ERROR;
				GCC_WARN_UNDECLARED_SELECTOR = YES;
				GCC_WARN_UNINITIALIZED_AUTOS = YES_AGGRESSIVE;
				GCC_WARN_UNUSED_FUNCTION = YES;
				GCC_WARN_UNUSED_VARIABLE = YES;
				HEADER_SEARCH_PATHS = (
					"$(SLICE_ICE_HOME)/include",
					"$(inherited)",
					/Applications/Xcode.app/Contents/Developer/Toolchains/XcodeDefault.xctoolchain/usr/include,
				);
				INFOPLIST_FILE = test4/Info.plist;
				LD_RUNPATH_SEARCH_PATHS = "$(inherited) @executable_path/../Frameworks @loader_path/../Frameworks $(SLICE_ICE_HOME)/lib";
				LIBRARY_SEARCH_PATHS = "$(SLICE_ICE_HOME)/lib";
				MACOSX_DEPLOYMENT_TARGET = 10.10;
				MTL_ENABLE_DEBUG_INFO = YES;
				ONLY_ACTIVE_ARCH = YES;
				PRODUCT_NAME = "$(TARGET_NAME)";
				SDKROOT = macosx;
				SLICE_CHECKSUM_FLAG = YES;
				SLICE_CPP_FLAG = YES;
				SLICE_ICE_FLAG = YES;
				SLICE_ICE_HOME = "$(ICE_HOME)";
				SLICE_INCLUDE_DIR = slice;
				SLICE_INCLUDE_PATH = test4;
				SLICE_OUTPUT_DIR = "$(DERIVED_FILE_DIR)/slice";
				SLICE_STREAM_FLAG = YES;
			};
			name = Debug;
		};
		14AD821C1AC2BEEC00CFBDF9 /* Release */ = {
			isa = XCBuildConfiguration;
			buildSettings = {
				ALWAYS_SEARCH_USER_PATHS = NO;
				CLANG_CXX_LANGUAGE_STANDARD = "gnu++0x";
				CLANG_CXX_LIBRARY = "libc++";
				CLANG_ENABLE_MODULES = YES;
				CLANG_ENABLE_OBJC_ARC = YES;
				CLANG_WARN_BOOL_CONVERSION = YES;
				CLANG_WARN_CONSTANT_CONVERSION = YES;
				CLANG_WARN_DIRECT_OBJC_ISA_USAGE = YES_ERROR;
				CLANG_WARN_EMPTY_BODY = YES;
				CLANG_WARN_ENUM_CONVERSION = YES;
				CLANG_WARN_INT_CONVERSION = YES;
				CLANG_WARN_OBJC_ROOT_CLASS = YES_ERROR;
				CLANG_WARN_UNREACHABLE_CODE = YES;
				CLANG_WARN__DUPLICATE_METHOD_MATCH = YES;
				COMBINE_HIDPI_IMAGES = YES;
				COPY_PHASE_STRIP = NO;
				DEBUG_INFORMATION_FORMAT = "dwarf-with-dsym";
				ENABLE_NS_ASSERTIONS = NO;
				ENABLE_STRICT_OBJC_MSGSEND = YES;
				FRAMEWORK_SEARCH_PATHS = (
					"$(DEVELOPER_FRAMEWORKS_DIR)",
					"$(inherited)",
				);
				GCC_C_LANGUAGE_STANDARD = gnu99;
				GCC_WARN_64_TO_32_BIT_CONVERSION = YES;
				GCC_WARN_ABOUT_RETURN_TYPE = YES_ERROR;
				GCC_WARN_UNDECLARED_SELECTOR = YES;
				GCC_WARN_UNINITIALIZED_AUTOS = YES_AGGRESSIVE;
				GCC_WARN_UNUSED_FUNCTION = YES;
				GCC_WARN_UNUSED_VARIABLE = YES;
				HEADER_SEARCH_PATHS = (
					"$(SLICE_ICE_HOME)/include",
					"$(inherited)",
					/Applications/Xcode.app/Contents/Developer/Toolchains/XcodeDefault.xctoolchain/usr/include,
				);
				INFOPLIST_FILE = test4/Info.plist;
				LD_RUNPATH_SEARCH_PATHS = "$(inherited) @executable_path/../Frameworks @loader_path/../Frameworks $(SLICE_ICE_HOME)/lib";
				LIBRARY_SEARCH_PATHS = "$(SLICE_ICE_HOME)/lib";
				MACOSX_DEPLOYMENT_TARGET = 10.10;
				MTL_ENABLE_DEBUG_INFO = NO;
				PRODUCT_NAME = "$(TARGET_NAME)";
				SDKROOT = macosx;
				SLICE_CHECKSUM_FLAG = YES;
				SLICE_CPP_FLAG = YES;
				SLICE_ICE_FLAG = YES;
				SLICE_ICE_HOME = "$(ICE_HOME)";
				SLICE_INCLUDE_DIR = slice;
				SLICE_INCLUDE_PATH = test4;
				SLICE_OUTPUT_DIR = "$(DERIVED_FILE_DIR)/slice";
				SLICE_STREAM_FLAG = YES;
			};
			name = Release;
		};
		D83443451AE0387E0018AF18 /* Debug */ = {
			isa = XCBuildConfiguration;
			buildSettings = {
				ADDITIONAL_SDKS = "$(ICE_TOUCH_HOME)/SDKs/ObjC/$(PLATFORM_NAME).sdk";
				ALWAYS_SEARCH_USER_PATHS = NO;
				CLANG_CXX_LANGUAGE_STANDARD = "gnu++0x";
				CLANG_CXX_LIBRARY = "libc++";
				CLANG_ENABLE_MODULES = YES;
				CLANG_ENABLE_OBJC_ARC = YES;
				CLANG_WARN_BOOL_CONVERSION = YES;
				CLANG_WARN_CONSTANT_CONVERSION = YES;
				CLANG_WARN_DIRECT_OBJC_ISA_USAGE = YES_ERROR;
				CLANG_WARN_EMPTY_BODY = YES;
				CLANG_WARN_ENUM_CONVERSION = YES;
				CLANG_WARN_INT_CONVERSION = YES;
				CLANG_WARN_OBJC_ROOT_CLASS = YES_ERROR;
				CLANG_WARN_UNREACHABLE_CODE = YES;
				CLANG_WARN__DUPLICATE_METHOD_MATCH = YES;
				COMBINE_HIDPI_IMAGES = YES;
				COPY_PHASE_STRIP = NO;
				DEBUG_INFORMATION_FORMAT = dwarf;
				DYLIB_COMPATIBILITY_VERSION = 1;
				DYLIB_CURRENT_VERSION = 1;
				ENABLE_STRICT_OBJC_MSGSEND = YES;
				EXECUTABLE_PREFIX = lib;
				GCC_C_LANGUAGE_STANDARD = gnu99;
				GCC_DYNAMIC_NO_PIC = NO;
				GCC_NO_COMMON_BLOCKS = YES;
				GCC_OPTIMIZATION_LEVEL = 0;
				GCC_PREPROCESSOR_DEFINITIONS = (
					"DEBUG=1",
					"$(inherited)",
				);
				GCC_SYMBOLS_PRIVATE_EXTERN = YES;
				GCC_WARN_64_TO_32_BIT_CONVERSION = YES;
				GCC_WARN_ABOUT_RETURN_TYPE = YES_ERROR;
				GCC_WARN_UNDECLARED_SELECTOR = YES;
				GCC_WARN_UNINITIALIZED_AUTOS = YES_AGGRESSIVE;
				GCC_WARN_UNUSED_FUNCTION = YES;
				GCC_WARN_UNUSED_VARIABLE = YES;
				HEADER_SEARCH_PATHS = (
					"$(inherited)",
					/Applications/Xcode.app/Contents/Developer/Toolchains/XcodeDefault.xctoolchain/usr/include,
					testLib/generated,
				);
				MACOSX_DEPLOYMENT_TARGET = 10.10;
				MTL_ENABLE_DEBUG_INFO = YES;
				ONLY_ACTIVE_ARCH = YES;
				PRODUCT_NAME = "$(TARGET_NAME)";
				SDKROOT = macosx;
				SLICE_DLL_EXPORT = TEST_LIB_API;
				SLICE_OUTPUT_DIR = testLib/generated;
				SLICE_PREPROCESSOR_DEFINITIONS = DEFINE_INTF;
				SLICE_UNDERSCORE_FLAG = YES;
			};
			name = Debug;
		};
		D83443461AE0387E0018AF18 /* Release */ = {
			isa = XCBuildConfiguration;
			buildSettings = {
				ADDITIONAL_SDKS = "$(ICE_TOUCH_HOME)/SDKs/ObjC/$(PLATFORM_NAME).sdk";
				ALWAYS_SEARCH_USER_PATHS = NO;
				CLANG_CXX_LANGUAGE_STANDARD = "gnu++0x";
				CLANG_CXX_LIBRARY = "libc++";
				CLANG_ENABLE_MODULES = YES;
				CLANG_ENABLE_OBJC_ARC = YES;
				CLANG_WARN_BOOL_CONVERSION = YES;
				CLANG_WARN_CONSTANT_CONVERSION = YES;
				CLANG_WARN_DIRECT_OBJC_ISA_USAGE = YES_ERROR;
				CLANG_WARN_EMPTY_BODY = YES;
				CLANG_WARN_ENUM_CONVERSION = YES;
				CLANG_WARN_INT_CONVERSION = YES;
				CLANG_WARN_OBJC_ROOT_CLASS = YES_ERROR;
				CLANG_WARN_UNREACHABLE_CODE = YES;
				CLANG_WARN__DUPLICATE_METHOD_MATCH = YES;
				COMBINE_HIDPI_IMAGES = YES;
				COPY_PHASE_STRIP = NO;
				DEBUG_INFORMATION_FORMAT = "dwarf-with-dsym";
				DYLIB_COMPATIBILITY_VERSION = 1;
				DYLIB_CURRENT_VERSION = 1;
				ENABLE_NS_ASSERTIONS = NO;
				ENABLE_STRICT_OBJC_MSGSEND = YES;
				EXECUTABLE_PREFIX = lib;
				GCC_C_LANGUAGE_STANDARD = gnu99;
				GCC_NO_COMMON_BLOCKS = YES;
				GCC_SYMBOLS_PRIVATE_EXTERN = YES;
				GCC_WARN_64_TO_32_BIT_CONVERSION = YES;
				GCC_WARN_ABOUT_RETURN_TYPE = YES_ERROR;
				GCC_WARN_UNDECLARED_SELECTOR = YES;
				GCC_WARN_UNINITIALIZED_AUTOS = YES_AGGRESSIVE;
				GCC_WARN_UNUSED_FUNCTION = YES;
				GCC_WARN_UNUSED_VARIABLE = YES;
				HEADER_SEARCH_PATHS = (
					"$(inherited)",
					/Applications/Xcode.app/Contents/Developer/Toolchains/XcodeDefault.xctoolchain/usr/include,
					testLib/generated,
				);
				MACOSX_DEPLOYMENT_TARGET = 10.10;
				MTL_ENABLE_DEBUG_INFO = NO;
				PRODUCT_NAME = "$(TARGET_NAME)";
				SDKROOT = macosx;
				SLICE_DLL_EXPORT = TEST_LIB_API;
				SLICE_OUTPUT_DIR = testLib/generated;
				SLICE_PREPROCESSOR_DEFINITIONS = DEFINE_INTF;
				SLICE_UNDERSCORE_FLAG = YES;
			};
			name = Release;
		};
/* End XCBuildConfiguration section */

/* Begin XCConfigurationList section */
		14318C101AC2B27200E53118 /* Build configuration list for PBXNativeTarget "test3" */ = {
			isa = XCConfigurationList;
			buildConfigurations = (
				14318C111AC2B27200E53118 /* Debug */,
				14318C121AC2B27200E53118 /* Release */,
			);
			defaultConfigurationIsVisible = 0;
			defaultConfigurationName = Release;
		};
		149D6FC11AC1D8EC008A8B56 /* Build configuration list for PBXProject "tests" */ = {
			isa = XCConfigurationList;
			buildConfigurations = (
				149D6FC21AC1D8EC008A8B56 /* Debug */,
				149D6FC31AC1D8EC008A8B56 /* Release */,
			);
			defaultConfigurationIsVisible = 0;
			defaultConfigurationName = Release;
		};
		149D6FCF1AC1D942008A8B56 /* Build configuration list for PBXNativeTarget "test1" */ = {
			isa = XCConfigurationList;
			buildConfigurations = (
				149D6FD01AC1D942008A8B56 /* Debug */,
				149D6FD11AC1D942008A8B56 /* Release */,
			);
			defaultConfigurationIsVisible = 0;
			defaultConfigurationName = Release;
		};
		149D6FDE1AC1DB90008A8B56 /* Build configuration list for PBXNativeTarget "test2" */ = {
			isa = XCConfigurationList;
			buildConfigurations = (
				149D6FDF1AC1DB90008A8B56 /* Debug */,
				149D6FE01AC1DB90008A8B56 /* Release */,
			);
			defaultConfigurationIsVisible = 0;
			defaultConfigurationName = Release;
		};
		14AD821A1AC2BEEC00CFBDF9 /* Build configuration list for PBXNativeTarget "test4" */ = {
			isa = XCConfigurationList;
			buildConfigurations = (
				14AD821B1AC2BEEC00CFBDF9 /* Debug */,
				14AD821C1AC2BEEC00CFBDF9 /* Release */,
			);
			defaultConfigurationIsVisible = 0;
			defaultConfigurationName = Release;
		};
		D83443441AE0387E0018AF18 /* Build configuration list for PBXNativeTarget "testLib" */ = {
			isa = XCConfigurationList;
			buildConfigurations = (
				D83443451AE0387E0018AF18 /* Debug */,
				D83443461AE0387E0018AF18 /* Release */,
			);
			defaultConfigurationIsVisible = 0;
		};
/* End XCConfigurationList section */
	};
	rootObject = 149D6FBE1AC1D8EC008A8B56 /* Project object */;
}
